
Microsoft Visual Studio Solution File, Format Version 12.00
# Visual Studio 15
Project("{FAE04EC0-301F-11D3-BF4B-00C04F79EFBC}") = "Assembly-CSharp", "Assembly-CSharp.csproj", "{87B04600-AE14-14FC-A0CB-1B2D2FAE2A2D}"
EndProject
Project("{FAE04EC0-301F-11D3-BF4B-00C04F79EFBC}") = "Assembly-CSharp-Editor", "Assembly-CSharp-Editor.csproj", "{6F6B2C16-69B1-9D2D-B084-3171453A7422}"
EndProject
Global
	GlobalSection(SolutionConfigurationPlatforms) = preSolution
		Debug|Any CPU = Debug|Any CPU
		Release|Any CPU = Release|Any CPU
	EndGlobalSection
	GlobalSection(ProjectConfigurationPlatforms) = postSolution
		{87B04600-AE14-14FC-A0CB-1B2D2FAE2A2D}.Debug|Any CPU.ActiveCfg = Debug|Any CPU
		{87B04600-AE14-14FC-A0CB-1B2D2FAE2A2D}.Debug|Any CPU.Build.0 = Debug|Any CPU
		{87B04600-AE14-14FC-A0CB-1B2D2FAE2A2D}.Release|Any CPU.ActiveCfg = Release|Any CPU
		{87B04600-AE14-14FC-A0CB-1B2D2FAE2A2D}.Release|Any CPU.Build.0 = Release|Any CPU
		{6F6B2C16-69B1-9D2D-B084-3171453A7422}.Debug|Any CPU.ActiveCfg = Debug|Any CPU
		{6F6B2C16-69B1-9D2D-B084-3171453A7422}.Debug|Any CPU.Build.0 = Debug|Any CPU
		{6F6B2C16-69B1-9D2D-B084-3171453A7422}.Release|Any CPU.ActiveCfg = Release|Any CPU
		{6F6B2C16-69B1-9D2D-B084-3171453A7422}.Release|Any CPU.Build.0 = Release|Any CPU
	EndGlobalSection
	GlobalSection(SolutionProperties) = preSolution
		HideSolutionNode = FALSE
	EndGlobalSection
EndGlobal
